{
  "object": {
    "pins": [
      {
        "package": "LineSDK",
        "repositoryURL": "https://github.com/line/line-sdk-ios-swift.git",
        "state": {
          "branch": "feature/spm-support",
          "revision": "fb649498053774fa0a0f7183e8bfe302f9d49a88",
          "version": null
        }
      }
    ]
  },
  "version": 1
}
