// !$*UTF8*$!
{
	archiveVersion = 1;
	classes = {
	};
	objectVersion = 50;
	objects = {

/* Begin PBXBuildFile section */
		4B08F9BF211982AA00B140DF /* Default-568h@2x.png in Resources */ = {isa = PBXBuildFile; fileRef = 4B08F9BE211982AA00B140DF /* Default-568h@2x.png */; };
		4B08F9C22119863500B140DF /* LineSDKErrorTests.swift in Sources */ = {isa = PBXBuildFile; fileRef = 4B08F9C12119863500B140DF /* LineSDKErrorTests.swift */; };
		4B15EEF4211D466D00866E6C /* TextMessage.swift in Sources */ = {isa = PBXBuildFile; fileRef = 4B15EEF3211D466D00866E6C /* TextMessage.swift */; };
		4B15EEF6211D46FF00866E6C /* Message.swift in Sources */ = {isa = PBXBuildFile; fileRef = 4B15EEF5211D46FF00866E6C /* Message.swift */; };
		4B15EEF8211D473400866E6C /* MessageSender.swift in Sources */ = {isa = PBXBuildFile; fileRef = 4B15EEF7211D473400866E6C /* MessageSender.swift */; };
		4B15EEFB211D5BF800866E6C /* TextMessageTests.swift in Sources */ = {isa = PBXBuildFile; fileRef = 4B15EEFA211D5BF800866E6C /* TextMessageTests.swift */; };
		4B15EEFD211D628000866E6C /* MessageSample.swift in Sources */ = {isa = PBXBuildFile; fileRef = 4B15EEFC211D628000866E6C /* MessageSample.swift */; };
		4B39D1DE211044B000A45510 /* PostTokenExchangeRequestTests.swift in Sources */ = {isa = PBXBuildFile; fileRef = 4B39D1DD211044B000A45510 /* PostTokenExchangeRequestTests.swift */; };
		4B39D1E02110496C00A45510 /* GetUserProfileRequestTests.swift in Sources */ = {isa = PBXBuildFile; fileRef = 4B39D1DF2110496C00A45510 /* GetUserProfileRequestTests.swift */; };
		4B39D1E221104C7A00A45510 /* LoginManagerExtension.swift in Sources */ = {isa = PBXBuildFile; fileRef = 4B39D1E121104C7A00A45510 /* LoginManagerExtension.swift */; };
		4B39D1E421104DBA00A45510 /* LineSDKAPITests.swift in Sources */ = {isa = PBXBuildFile; fileRef = 4B39D1E321104DBA00A45510 /* LineSDKAPITests.swift */; };
		4B39D1E621104F3B00A45510 /* ViewControllerCompatibleTest.swift in Sources */ = {isa = PBXBuildFile; fileRef = 4B39D1E521104F3B00A45510 /* ViewControllerCompatibleTest.swift */; };
		4B414D5C210EF12C00FD19BC /* APIError.swift in Sources */ = {isa = PBXBuildFile; fileRef = 4B414D5B210EF12C00FD19BC /* APIError.swift */; };
		4B414D5E210F077700FD19BC /* RequestStubs.swift in Sources */ = {isa = PBXBuildFile; fileRef = 4B414D5D210F077700FD19BC /* RequestStubs.swift */; };
		4B45256B2101810D00A39D4F /* LoginProcess.swift in Sources */ = {isa = PBXBuildFile; fileRef = 4B45256A2101810D00A39D4F /* LoginProcess.swift */; };
		4B45256D2101829F00A39D4F /* Helpers.swift in Sources */ = {isa = PBXBuildFile; fileRef = 4B45256C2101829F00A39D4F /* Helpers.swift */; };
		4B45256F210188C300A39D4F /* LoginPermission.swift in Sources */ = {isa = PBXBuildFile; fileRef = 4B45256E210188C300A39D4F /* LoginPermission.swift */; };
		4B4525712101938F00A39D4F /* Request.swift in Sources */ = {isa = PBXBuildFile; fileRef = 4B4525702101938F00A39D4F /* Request.swift */; };
		4B45257621019EFB00A39D4F /* Session.swift in Sources */ = {isa = PBXBuildFile; fileRef = 4B45257521019EFB00A39D4F /* Session.swift */; };
		4B45257821019FCC00A39D4F /* PostOTPRequest.swift in Sources */ = {isa = PBXBuildFile; fileRef = 4B45257721019FCC00A39D4F /* PostOTPRequest.swift */; };
		4B45257B2101A4E900A39D4F /* OneTimePassword.swift in Sources */ = {isa = PBXBuildFile; fileRef = 4B45257A2101A4E900A39D4F /* OneTimePassword.swift */; };
		4B4F0B7E21080C51006D17F5 /* PostExchangeTokenRequest.swift in Sources */ = {isa = PBXBuildFile; fileRef = 4B4F0B7D21080C51006D17F5 /* PostExchangeTokenRequest.swift */; };
		4B4F0B8021080D69006D17F5 /* AccessToken.swift in Sources */ = {isa = PBXBuildFile; fileRef = 4B4F0B7F21080D69006D17F5 /* AccessToken.swift */; };
		4B4F0B8221083CDB006D17F5 /* Constant.swift in Sources */ = {isa = PBXBuildFile; fileRef = 4B4F0B8121083CDB006D17F5 /* Constant.swift */; };
		4B4F0B8421084755006D17F5 /* UserProfile.swift in Sources */ = {isa = PBXBuildFile; fileRef = 4B4F0B8321084755006D17F5 /* UserProfile.swift */; };
		4B4F0B8D210870EF006D17F5 /* GetUserProfileRequest.swift in Sources */ = {isa = PBXBuildFile; fileRef = 4B4F0B8C210870EF006D17F5 /* GetUserProfileRequest.swift */; };
		4B63F4732106FDCC003D1BF1 /* LoginProcessURLResponse.swift in Sources */ = {isa = PBXBuildFile; fileRef = 4B63F4722106FDCC003D1BF1 /* LoginProcessURLResponse.swift */; };
		4B6508B8211812CE001796E0 /* LoginManagerOption.swift in Sources */ = {isa = PBXBuildFile; fileRef = 4B6508B7211812CE001796E0 /* LoginManagerOption.swift */; };
		4B6A7026210956B600D71C66 /* KeychainStore.swift in Sources */ = {isa = PBXBuildFile; fileRef = 4B6A7025210956B600D71C66 /* KeychainStore.swift */; };
		4B6A702921096E3700D71C66 /* KeychainStoreTests.swift in Sources */ = {isa = PBXBuildFile; fileRef = 4B6A702821096E3700D71C66 /* KeychainStoreTests.swift */; };
		4B6A70312109793500D71C66 /* AppDelegate.swift in Sources */ = {isa = PBXBuildFile; fileRef = 4B6A70302109793500D71C66 /* AppDelegate.swift */; };
		4B6A70432109A11600D71C66 /* LazySingleton.swift in Sources */ = {isa = PBXBuildFile; fileRef = 4B6A70422109A11600D71C66 /* LazySingleton.swift */; };
		4B792FB121102D9200EDDD1E /* LoginProcessURLResponseTests.swift in Sources */ = {isa = PBXBuildFile; fileRef = 4B792FB021102D9200EDDD1E /* LoginProcessURLResponseTests.swift */; };
		4B792FB321103A0200EDDD1E /* LoginManagerTests.swift in Sources */ = {isa = PBXBuildFile; fileRef = 4B792FB221103A0200EDDD1E /* LoginManagerTests.swift */; };
		4B792FB621103D2200EDDD1E /* PostOTPRequestTests.swift in Sources */ = {isa = PBXBuildFile; fileRef = 4B792FB521103D2200EDDD1E /* PostOTPRequestTests.swift */; };
		4B792FB821103D4B00EDDD1E /* ResponseDataStub.swift in Sources */ = {isa = PBXBuildFile; fileRef = 4B792FB721103D4B00EDDD1E /* ResponseDataStub.swift */; };
		4B813C5A2101B1450091F78E /* RequestAdapter.swift in Sources */ = {isa = PBXBuildFile; fileRef = 4B813C592101B1450091F78E /* RequestAdapter.swift */; };
		4B813C5C2101B65D0091F78E /* ParametersAdapter.swift in Sources */ = {isa = PBXBuildFile; fileRef = 4B813C5B2101B65D0091F78E /* ParametersAdapter.swift */; };
		4B8A965721100A5800760219 /* LoginConfigurationTests.swift in Sources */ = {isa = PBXBuildFile; fileRef = 4B8A965621100A5800760219 /* LoginConfigurationTests.swift */; };
		4B8FF4862105656500890AEF /* Delegate.swift in Sources */ = {isa = PBXBuildFile; fileRef = 4B8FF4852105656500890AEF /* Delegate.swift */; };
		4B8FF48B21056B3800890AEF /* CallbackQueue.swift in Sources */ = {isa = PBXBuildFile; fileRef = 4B8FF48A21056B3800890AEF /* CallbackQueue.swift */; };
		4B8FF48D210598F500890AEF /* ResponsePipeline.swift in Sources */ = {isa = PBXBuildFile; fileRef = 4B8FF48C210598F500890AEF /* ResponsePipeline.swift */; };
		4B8FF48F2105B27600890AEF /* URLs.swift in Sources */ = {isa = PBXBuildFile; fileRef = 4B8FF48E2105B27600890AEF /* URLs.swift */; };
		4B8FF4932105C49200890AEF /* LoginFlowTests.swift in Sources */ = {isa = PBXBuildFile; fileRef = 4B8FF4922105C49200890AEF /* LoginFlowTests.swift */; };
		4B90588221006E5D004D717F /* LineSDK.framework in Frameworks */ = {isa = PBXBuildFile; fileRef = 4B90587821006E5C004D717F /* LineSDK.framework */; };
		4B90588721006E5D004D717F /* LineSDKTests.swift in Sources */ = {isa = PBXBuildFile; fileRef = 4B90588621006E5D004D717F /* LineSDKTests.swift */; };
		4B90588921006E5D004D717F /* LineSDK.h in Headers */ = {isa = PBXBuildFile; fileRef = 4B90587B21006E5C004D717F /* LineSDK.h */; settings = {ATTRIBUTES = (Public, ); }; };
		4B9058D421007394004D717F /* LoginConfiguration.swift in Sources */ = {isa = PBXBuildFile; fileRef = 4B9058D321007394004D717F /* LoginConfiguration.swift */; };
		4B9058D6210073E6004D717F /* LoginManager.swift in Sources */ = {isa = PBXBuildFile; fileRef = 4B9058D5210073E6004D717F /* LoginManager.swift */; };
		4B9058D8210078FB004D717F /* Result.swift in Sources */ = {isa = PBXBuildFile; fileRef = 4B9058D7210078FB004D717F /* Result.swift */; };
		4B9058DC21007C8C004D717F /* LoginResult.swift in Sources */ = {isa = PBXBuildFile; fileRef = 4B9058DB21007C8C004D717F /* LoginResult.swift */; };
		4BA8E442210EBCFF00355F03 /* SessionTests.swift in Sources */ = {isa = PBXBuildFile; fileRef = 4BA8E441210EBCFF00355F03 /* SessionTests.swift */; };
		4BA8E445210ED27900355F03 /* SessionDelegateStub.swift in Sources */ = {isa = PBXBuildFile; fileRef = 4BA8E444210ED27900355F03 /* SessionDelegateStub.swift */; };
		4BA8E44A210ED82B00355F03 /* AdapterTests.swift in Sources */ = {isa = PBXBuildFile; fileRef = 4BA8E449210ED82B00355F03 /* AdapterTests.swift */; };
		4BA8E44C210EDB5100355F03 /* ParameterEncoderTests.swift in Sources */ = {isa = PBXBuildFile; fileRef = 4BA8E44B210EDB5100355F03 /* ParameterEncoderTests.swift */; };
		4BA8E44E210EE79B00355F03 /* PipelineTests.swift in Sources */ = {isa = PBXBuildFile; fileRef = 4BA8E44D210EE79B00355F03 /* PipelineTests.swift */; };
		4BBAFC452101BB9E00E7BFF6 /* LineSDKError.swift in Sources */ = {isa = PBXBuildFile; fileRef = 4BBAFC442101BB9E00E7BFF6 /* LineSDKError.swift */; };
		4BBAFC472101C8A100E7BFF6 /* AccessTokenStore.swift in Sources */ = {isa = PBXBuildFile; fileRef = 4BBAFC462101C8A100E7BFF6 /* AccessTokenStore.swift */; };
		4BBAFC4B2101CE8100E7BFF6 /* Resource.bundle in Resources */ = {isa = PBXBuildFile; fileRef = 4BBAFC4A2101CE8100E7BFF6 /* Resource.bundle */; };
		4BBAFC502101D31300E7BFF6 /* ConstantTests.swift in Sources */ = {isa = PBXBuildFile; fileRef = 4BBAFC4F2101D31300E7BFF6 /* ConstantTests.swift */; };
		4BCD278E2113E9A900B90D8F /* GetVerifyTokenRequest.swift in Sources */ = {isa = PBXBuildFile; fileRef = 4BCD278D2113E9A900B90D8F /* GetVerifyTokenRequest.swift */; };
		4BCD27902113EA1300B90D8F /* AccessTokenVerifyResult.swift in Sources */ = {isa = PBXBuildFile; fileRef = 4BCD278F2113EA1300B90D8F /* AccessTokenVerifyResult.swift */; };
		4BCD27932113EC6C00B90D8F /* CodingExtension.swift in Sources */ = {isa = PBXBuildFile; fileRef = 4BCD27922113EC6C00B90D8F /* CodingExtension.swift */; };
		4BCD27952113ECCF00B90D8F /* GetVerifyTokenRequestTests.swift in Sources */ = {isa = PBXBuildFile; fileRef = 4BCD27942113ECCF00B90D8F /* GetVerifyTokenRequestTests.swift */; };
		4BD191B22111452E00E2C481 /* PostRefreshTokenRequestTests.swift in Sources */ = {isa = PBXBuildFile; fileRef = 4BD191B12111452E00E2C481 /* PostRefreshTokenRequestTests.swift */; };
		4BD191B4211154DF00E2C481 /* LineSDKAPI.swift in Sources */ = {isa = PBXBuildFile; fileRef = 4BD191B3211154DF00E2C481 /* LineSDKAPI.swift */; };
		4BD191B621115ED800E2C481 /* PostRevokeTokenRequest.swift in Sources */ = {isa = PBXBuildFile; fileRef = 4BD191B521115ED800E2C481 /* PostRevokeTokenRequest.swift */; };
		4BD191B821116C4C00E2C481 /* Unit.swift in Sources */ = {isa = PBXBuildFile; fileRef = 4BD191B721116C4C00E2C481 /* Unit.swift */; };
		4BD191BA21116CF700E2C481 /* PostRevokeTokenRequestTests.swift in Sources */ = {isa = PBXBuildFile; fileRef = 4BD191B921116CF700E2C481 /* PostRevokeTokenRequestTests.swift */; };
		4BD191BC211188D500E2C481 /* RefreshTokenPipelineTests.swift in Sources */ = {isa = PBXBuildFile; fileRef = 4BD191BB211188D500E2C481 /* RefreshTokenPipelineTests.swift */; };
		4BEE5B35210AC2D000846C6D /* NotificationToken.swift in Sources */ = {isa = PBXBuildFile; fileRef = 4BEE5B34210AC2D000846C6D /* NotificationToken.swift */; };
		4BFBEA7B211057050044C2B6 /* PostRefreshTokenRequest.swift in Sources */ = {isa = PBXBuildFile; fileRef = 4BFBEA7A211057050044C2B6 /* PostRefreshTokenRequest.swift */; };
		DBE4E36D211D6C1A00184D66 /* User.swift in Sources */ = {isa = PBXBuildFile; fileRef = DBE4E36C211D6C1A00184D66 /* User.swift */; };
		DBE4E370211D6CF500184D66 /* GetFriendsRequest.swift in Sources */ = {isa = PBXBuildFile; fileRef = DBE4E36F211D6CF500184D66 /* GetFriendsRequest.swift */; };
		DBE4E372211D7C9B00184D66 /* GetFriendsRequestTests.swift in Sources */ = {isa = PBXBuildFile; fileRef = DBE4E371211D7C9B00184D66 /* GetFriendsRequestTests.swift */; };
/* End PBXBuildFile section */

/* Begin PBXContainerItemProxy section */
		4B6A70402109796800D71C66 /* PBXContainerItemProxy */ = {
			isa = PBXContainerItemProxy;
			containerPortal = 4B90586F21006E5C004D717F /* Project object */;
			proxyType = 1;
			remoteGlobalIDString = 4B6A702D2109793500D71C66;
			remoteInfo = TestHost;
		};
		4B90588321006E5D004D717F /* PBXContainerItemProxy */ = {
			isa = PBXContainerItemProxy;
			containerPortal = 4B90586F21006E5C004D717F /* Project object */;
			proxyType = 1;
			remoteGlobalIDString = 4B90587721006E5C004D717F;
			remoteInfo = LineSDK;
		};
/* End PBXContainerItemProxy section */

/* Begin PBXFileReference section */
		4B08F9BE211982AA00B140DF /* Default-568h@2x.png */ = {isa = PBXFileReference; lastKnownFileType = image.png; path = "Default-568h@2x.png"; sourceTree = "<group>"; };
		4B08F9C12119863500B140DF /* LineSDKErrorTests.swift */ = {isa = PBXFileReference; fileEncoding = 4; lastKnownFileType = sourcecode.swift; path = LineSDKErrorTests.swift; sourceTree = "<group>"; };
		4B15EEF3211D466D00866E6C /* TextMessage.swift */ = {isa = PBXFileReference; lastKnownFileType = sourcecode.swift; path = TextMessage.swift; sourceTree = "<group>"; };
		4B15EEF5211D46FF00866E6C /* Message.swift */ = {isa = PBXFileReference; lastKnownFileType = sourcecode.swift; path = Message.swift; sourceTree = "<group>"; };
		4B15EEF7211D473400866E6C /* MessageSender.swift */ = {isa = PBXFileReference; lastKnownFileType = sourcecode.swift; path = MessageSender.swift; sourceTree = "<group>"; };
		4B15EEFA211D5BF800866E6C /* TextMessageTests.swift */ = {isa = PBXFileReference; lastKnownFileType = sourcecode.swift; path = TextMessageTests.swift; sourceTree = "<group>"; };
		4B15EEFC211D628000866E6C /* MessageSample.swift */ = {isa = PBXFileReference; lastKnownFileType = sourcecode.swift; path = MessageSample.swift; sourceTree = "<group>"; };
		4B39D1DD211044B000A45510 /* PostTokenExchangeRequestTests.swift */ = {isa = PBXFileReference; lastKnownFileType = sourcecode.swift; path = PostTokenExchangeRequestTests.swift; sourceTree = "<group>"; };
		4B39D1DF2110496C00A45510 /* GetUserProfileRequestTests.swift */ = {isa = PBXFileReference; lastKnownFileType = sourcecode.swift; path = GetUserProfileRequestTests.swift; sourceTree = "<group>"; };
		4B39D1E121104C7A00A45510 /* LoginManagerExtension.swift */ = {isa = PBXFileReference; lastKnownFileType = sourcecode.swift; path = LoginManagerExtension.swift; sourceTree = "<group>"; };
		4B39D1E321104DBA00A45510 /* LineSDKAPITests.swift */ = {isa = PBXFileReference; lastKnownFileType = sourcecode.swift; path = LineSDKAPITests.swift; sourceTree = "<group>"; };
		4B39D1E521104F3B00A45510 /* ViewControllerCompatibleTest.swift */ = {isa = PBXFileReference; lastKnownFileType = sourcecode.swift; path = ViewControllerCompatibleTest.swift; sourceTree = "<group>"; };
		4B414D5B210EF12C00FD19BC /* APIError.swift */ = {isa = PBXFileReference; fileEncoding = 4; lastKnownFileType = sourcecode.swift; path = APIError.swift; sourceTree = "<group>"; };
		4B414D5D210F077700FD19BC /* RequestStubs.swift */ = {isa = PBXFileReference; lastKnownFileType = sourcecode.swift; path = RequestStubs.swift; sourceTree = "<group>"; };
		4B45256A2101810D00A39D4F /* LoginProcess.swift */ = {isa = PBXFileReference; lastKnownFileType = sourcecode.swift; path = LoginProcess.swift; sourceTree = "<group>"; };
		4B45256C2101829F00A39D4F /* Helpers.swift */ = {isa = PBXFileReference; lastKnownFileType = sourcecode.swift; path = Helpers.swift; sourceTree = "<group>"; };
		4B45256E210188C300A39D4F /* LoginPermission.swift */ = {isa = PBXFileReference; lastKnownFileType = sourcecode.swift; path = LoginPermission.swift; sourceTree = "<group>"; };
		4B4525702101938F00A39D4F /* Request.swift */ = {isa = PBXFileReference; lastKnownFileType = sourcecode.swift; path = Request.swift; sourceTree = "<group>"; };
		4B45257521019EFB00A39D4F /* Session.swift */ = {isa = PBXFileReference; lastKnownFileType = sourcecode.swift; path = Session.swift; sourceTree = "<group>"; };
		4B45257721019FCC00A39D4F /* PostOTPRequest.swift */ = {isa = PBXFileReference; lastKnownFileType = sourcecode.swift; path = PostOTPRequest.swift; sourceTree = "<group>"; };
		4B45257A2101A4E900A39D4F /* OneTimePassword.swift */ = {isa = PBXFileReference; lastKnownFileType = sourcecode.swift; path = OneTimePassword.swift; sourceTree = "<group>"; };
		4B4F0B7D21080C51006D17F5 /* PostExchangeTokenRequest.swift */ = {isa = PBXFileReference; lastKnownFileType = sourcecode.swift; path = PostExchangeTokenRequest.swift; sourceTree = "<group>"; };
		4B4F0B7F21080D69006D17F5 /* AccessToken.swift */ = {isa = PBXFileReference; lastKnownFileType = sourcecode.swift; path = AccessToken.swift; sourceTree = "<group>"; };
		4B4F0B8121083CDB006D17F5 /* Constant.swift */ = {isa = PBXFileReference; lastKnownFileType = sourcecode.swift; path = Constant.swift; sourceTree = "<group>"; };
		4B4F0B8321084755006D17F5 /* UserProfile.swift */ = {isa = PBXFileReference; lastKnownFileType = sourcecode.swift; path = UserProfile.swift; sourceTree = "<group>"; };
		4B4F0B8C210870EF006D17F5 /* GetUserProfileRequest.swift */ = {isa = PBXFileReference; lastKnownFileType = sourcecode.swift; path = GetUserProfileRequest.swift; sourceTree = "<group>"; };
		4B63F4722106FDCC003D1BF1 /* LoginProcessURLResponse.swift */ = {isa = PBXFileReference; lastKnownFileType = sourcecode.swift; path = LoginProcessURLResponse.swift; sourceTree = "<group>"; };
		4B6508B7211812CE001796E0 /* LoginManagerOption.swift */ = {isa = PBXFileReference; lastKnownFileType = sourcecode.swift; path = LoginManagerOption.swift; sourceTree = "<group>"; };
		4B6A7025210956B600D71C66 /* KeychainStore.swift */ = {isa = PBXFileReference; lastKnownFileType = sourcecode.swift; path = KeychainStore.swift; sourceTree = "<group>"; };
		4B6A702821096E3700D71C66 /* KeychainStoreTests.swift */ = {isa = PBXFileReference; lastKnownFileType = sourcecode.swift; path = KeychainStoreTests.swift; sourceTree = "<group>"; };
		4B6A702E2109793500D71C66 /* TestHost.app */ = {isa = PBXFileReference; explicitFileType = wrapper.application; includeInIndex = 0; path = TestHost.app; sourceTree = BUILT_PRODUCTS_DIR; };
		4B6A70302109793500D71C66 /* AppDelegate.swift */ = {isa = PBXFileReference; lastKnownFileType = sourcecode.swift; path = AppDelegate.swift; sourceTree = "<group>"; };
		4B6A703C2109793700D71C66 /* Info.plist */ = {isa = PBXFileReference; lastKnownFileType = text.plist.xml; path = Info.plist; sourceTree = "<group>"; };
		4B6A70422109A11600D71C66 /* LazySingleton.swift */ = {isa = PBXFileReference; lastKnownFileType = sourcecode.swift; path = LazySingleton.swift; sourceTree = "<group>"; };
		4B792FB021102D9200EDDD1E /* LoginProcessURLResponseTests.swift */ = {isa = PBXFileReference; lastKnownFileType = sourcecode.swift; path = LoginProcessURLResponseTests.swift; sourceTree = "<group>"; };
		4B792FB221103A0200EDDD1E /* LoginManagerTests.swift */ = {isa = PBXFileReference; lastKnownFileType = sourcecode.swift; path = LoginManagerTests.swift; sourceTree = "<group>"; };
		4B792FB521103D2200EDDD1E /* PostOTPRequestTests.swift */ = {isa = PBXFileReference; lastKnownFileType = sourcecode.swift; path = PostOTPRequestTests.swift; sourceTree = "<group>"; };
		4B792FB721103D4B00EDDD1E /* ResponseDataStub.swift */ = {isa = PBXFileReference; lastKnownFileType = sourcecode.swift; path = ResponseDataStub.swift; sourceTree = "<group>"; };
		4B813C592101B1450091F78E /* RequestAdapter.swift */ = {isa = PBXFileReference; lastKnownFileType = sourcecode.swift; path = RequestAdapter.swift; sourceTree = "<group>"; };
		4B813C5B2101B65D0091F78E /* ParametersAdapter.swift */ = {isa = PBXFileReference; lastKnownFileType = sourcecode.swift; path = ParametersAdapter.swift; sourceTree = "<group>"; };
		4B8A965621100A5800760219 /* LoginConfigurationTests.swift */ = {isa = PBXFileReference; lastKnownFileType = sourcecode.swift; path = LoginConfigurationTests.swift; sourceTree = "<group>"; };
		4B8FF4852105656500890AEF /* Delegate.swift */ = {isa = PBXFileReference; lastKnownFileType = sourcecode.swift; path = Delegate.swift; sourceTree = "<group>"; };
		4B8FF48A21056B3800890AEF /* CallbackQueue.swift */ = {isa = PBXFileReference; lastKnownFileType = sourcecode.swift; path = CallbackQueue.swift; sourceTree = "<group>"; };
		4B8FF48C210598F500890AEF /* ResponsePipeline.swift */ = {isa = PBXFileReference; lastKnownFileType = sourcecode.swift; path = ResponsePipeline.swift; sourceTree = "<group>"; };
		4B8FF48E2105B27600890AEF /* URLs.swift */ = {isa = PBXFileReference; lastKnownFileType = sourcecode.swift; path = URLs.swift; sourceTree = "<group>"; };
		4B8FF4922105C49200890AEF /* LoginFlowTests.swift */ = {isa = PBXFileReference; lastKnownFileType = sourcecode.swift; path = LoginFlowTests.swift; sourceTree = "<group>"; };
		4B90587821006E5C004D717F /* LineSDK.framework */ = {isa = PBXFileReference; explicitFileType = wrapper.framework; includeInIndex = 0; path = LineSDK.framework; sourceTree = BUILT_PRODUCTS_DIR; };
		4B90587B21006E5C004D717F /* LineSDK.h */ = {isa = PBXFileReference; lastKnownFileType = sourcecode.c.h; path = LineSDK.h; sourceTree = "<group>"; };
		4B90587C21006E5C004D717F /* Info.plist */ = {isa = PBXFileReference; lastKnownFileType = text.plist.xml; path = Info.plist; sourceTree = "<group>"; };
		4B90588121006E5D004D717F /* LineSDKTests.xctest */ = {isa = PBXFileReference; explicitFileType = wrapper.cfbundle; includeInIndex = 0; path = LineSDKTests.xctest; sourceTree = BUILT_PRODUCTS_DIR; };
		4B90588621006E5D004D717F /* LineSDKTests.swift */ = {isa = PBXFileReference; lastKnownFileType = sourcecode.swift; path = LineSDKTests.swift; sourceTree = "<group>"; };
		4B90588821006E5D004D717F /* Info.plist */ = {isa = PBXFileReference; lastKnownFileType = text.plist.xml; path = Info.plist; sourceTree = "<group>"; };
		4B9058D321007394004D717F /* LoginConfiguration.swift */ = {isa = PBXFileReference; lastKnownFileType = sourcecode.swift; path = LoginConfiguration.swift; sourceTree = "<group>"; };
		4B9058D5210073E6004D717F /* LoginManager.swift */ = {isa = PBXFileReference; lastKnownFileType = sourcecode.swift; path = LoginManager.swift; sourceTree = "<group>"; };
		4B9058D7210078FB004D717F /* Result.swift */ = {isa = PBXFileReference; lastKnownFileType = sourcecode.swift; path = Result.swift; sourceTree = "<group>"; };
		4B9058DB21007C8C004D717F /* LoginResult.swift */ = {isa = PBXFileReference; lastKnownFileType = sourcecode.swift; path = LoginResult.swift; sourceTree = "<group>"; };
		4BA8E441210EBCFF00355F03 /* SessionTests.swift */ = {isa = PBXFileReference; lastKnownFileType = sourcecode.swift; path = SessionTests.swift; sourceTree = "<group>"; };
		4BA8E444210ED27900355F03 /* SessionDelegateStub.swift */ = {isa = PBXFileReference; lastKnownFileType = sourcecode.swift; path = SessionDelegateStub.swift; sourceTree = "<group>"; };
		4BA8E449210ED82B00355F03 /* AdapterTests.swift */ = {isa = PBXFileReference; lastKnownFileType = sourcecode.swift; path = AdapterTests.swift; sourceTree = "<group>"; };
		4BA8E44B210EDB5100355F03 /* ParameterEncoderTests.swift */ = {isa = PBXFileReference; lastKnownFileType = sourcecode.swift; path = ParameterEncoderTests.swift; sourceTree = "<group>"; };
		4BA8E44D210EE79B00355F03 /* PipelineTests.swift */ = {isa = PBXFileReference; lastKnownFileType = sourcecode.swift; path = PipelineTests.swift; sourceTree = "<group>"; };
		4BBAFC442101BB9E00E7BFF6 /* LineSDKError.swift */ = {isa = PBXFileReference; lastKnownFileType = sourcecode.swift; path = LineSDKError.swift; sourceTree = "<group>"; };
		4BBAFC462101C8A100E7BFF6 /* AccessTokenStore.swift */ = {isa = PBXFileReference; lastKnownFileType = sourcecode.swift; path = AccessTokenStore.swift; sourceTree = "<group>"; };
		4BBAFC4A2101CE8100E7BFF6 /* Resource.bundle */ = {isa = PBXFileReference; lastKnownFileType = "wrapper.plug-in"; path = Resource.bundle; sourceTree = "<group>"; };
		4BBAFC4F2101D31300E7BFF6 /* ConstantTests.swift */ = {isa = PBXFileReference; lastKnownFileType = sourcecode.swift; path = ConstantTests.swift; sourceTree = "<group>"; };
		4BCD278D2113E9A900B90D8F /* GetVerifyTokenRequest.swift */ = {isa = PBXFileReference; lastKnownFileType = sourcecode.swift; path = GetVerifyTokenRequest.swift; sourceTree = "<group>"; };
		4BCD278F2113EA1300B90D8F /* AccessTokenVerifyResult.swift */ = {isa = PBXFileReference; lastKnownFileType = sourcecode.swift; path = AccessTokenVerifyResult.swift; sourceTree = "<group>"; };
		4BCD27922113EC6C00B90D8F /* CodingExtension.swift */ = {isa = PBXFileReference; lastKnownFileType = sourcecode.swift; path = CodingExtension.swift; sourceTree = "<group>"; };
		4BCD27942113ECCF00B90D8F /* GetVerifyTokenRequestTests.swift */ = {isa = PBXFileReference; lastKnownFileType = sourcecode.swift; path = GetVerifyTokenRequestTests.swift; sourceTree = "<group>"; };
		4BD191B12111452E00E2C481 /* PostRefreshTokenRequestTests.swift */ = {isa = PBXFileReference; lastKnownFileType = sourcecode.swift; path = PostRefreshTokenRequestTests.swift; sourceTree = "<group>"; };
		4BD191B3211154DF00E2C481 /* LineSDKAPI.swift */ = {isa = PBXFileReference; lastKnownFileType = sourcecode.swift; path = LineSDKAPI.swift; sourceTree = "<group>"; };
		4BD191B521115ED800E2C481 /* PostRevokeTokenRequest.swift */ = {isa = PBXFileReference; lastKnownFileType = sourcecode.swift; path = PostRevokeTokenRequest.swift; sourceTree = "<group>"; };
		4BD191B721116C4C00E2C481 /* Unit.swift */ = {isa = PBXFileReference; lastKnownFileType = sourcecode.swift; path = Unit.swift; sourceTree = "<group>"; };
		4BD191B921116CF700E2C481 /* PostRevokeTokenRequestTests.swift */ = {isa = PBXFileReference; lastKnownFileType = sourcecode.swift; path = PostRevokeTokenRequestTests.swift; sourceTree = "<group>"; };
		4BD191BB211188D500E2C481 /* RefreshTokenPipelineTests.swift */ = {isa = PBXFileReference; lastKnownFileType = sourcecode.swift; path = RefreshTokenPipelineTests.swift; sourceTree = "<group>"; };
		4BEE5B34210AC2D000846C6D /* NotificationToken.swift */ = {isa = PBXFileReference; lastKnownFileType = sourcecode.swift; path = NotificationToken.swift; sourceTree = "<group>"; };
		4BFBEA7A211057050044C2B6 /* PostRefreshTokenRequest.swift */ = {isa = PBXFileReference; lastKnownFileType = sourcecode.swift; path = PostRefreshTokenRequest.swift; sourceTree = "<group>"; };
		DBE4E36C211D6C1A00184D66 /* User.swift */ = {isa = PBXFileReference; lastKnownFileType = sourcecode.swift; path = User.swift; sourceTree = "<group>"; };
		DBE4E36F211D6CF500184D66 /* GetFriendsRequest.swift */ = {isa = PBXFileReference; lastKnownFileType = sourcecode.swift; path = GetFriendsRequest.swift; sourceTree = "<group>"; };
		DBE4E371211D7C9B00184D66 /* GetFriendsRequestTests.swift */ = {isa = PBXFileReference; lastKnownFileType = sourcecode.swift; path = GetFriendsRequestTests.swift; sourceTree = "<group>"; };
/* End PBXFileReference section */

/* Begin PBXFrameworksBuildPhase section */
		4B6A702B2109793500D71C66 /* Frameworks */ = {
			isa = PBXFrameworksBuildPhase;
			buildActionMask = 2147483647;
			files = (
			);
			runOnlyForDeploymentPostprocessing = 0;
		};
		4B90587421006E5C004D717F /* Frameworks */ = {
			isa = PBXFrameworksBuildPhase;
			buildActionMask = 2147483647;
			files = (
			);
			runOnlyForDeploymentPostprocessing = 0;
		};
		4B90587E21006E5D004D717F /* Frameworks */ = {
			isa = PBXFrameworksBuildPhase;
			buildActionMask = 2147483647;
			files = (
				4B90588221006E5D004D717F /* LineSDK.framework in Frameworks */,
			);
			runOnlyForDeploymentPostprocessing = 0;
		};
/* End PBXFrameworksBuildPhase section */

/* Begin PBXGroup section */
		4B15EEF2211D431900866E6C /* Messages */ = {
			isa = PBXGroup;
			children = (
				4B15EEF3211D466D00866E6C /* TextMessage.swift */,
				4B15EEF7211D473400866E6C /* MessageSender.swift */,
				4B15EEF5211D46FF00866E6C /* Message.swift */,
			);
			path = Messages;
			sourceTree = "<group>";
		};
		4B15EEF9211D5BE800866E6C /* Message */ = {
			isa = PBXGroup;
			children = (
				4B15EEFA211D5BF800866E6C /* TextMessageTests.swift */,
			);
			path = Message;
			sourceTree = "<group>";
		};
		4B4525792101A4DE00A39D4F /* Model */ = {
			isa = PBXGroup;
			children = (
				4B15EEF2211D431900866E6C /* Messages */,
				4BCD27912113EC4300B90D8F /* CustomizeCoding */,
				4B45257A2101A4E900A39D4F /* OneTimePassword.swift */,
				4BBAFC462101C8A100E7BFF6 /* AccessTokenStore.swift */,
				4B4F0B7F21080D69006D17F5 /* AccessToken.swift */,
				4BCD278F2113EA1300B90D8F /* AccessTokenVerifyResult.swift */,
				4B4F0B8321084755006D17F5 /* UserProfile.swift */,
				4B414D5B210EF12C00FD19BC /* APIError.swift */,
				4BD191B721116C4C00E2C481 /* Unit.swift */,
			);
			path = Model;
			sourceTree = "<group>";
		};
		4B45257C2101A77300A39D4F /* Client */ = {
			isa = PBXGroup;
			children = (
				4B4525702101938F00A39D4F /* Request.swift */,
				4B45257521019EFB00A39D4F /* Session.swift */,
				4B813C592101B1450091F78E /* RequestAdapter.swift */,
				4B813C5B2101B65D0091F78E /* ParametersAdapter.swift */,
				4B8FF48C210598F500890AEF /* ResponsePipeline.swift */,
			);
			path = Client;
			sourceTree = "<group>";
		};
		4B6A702F2109793500D71C66 /* TestHost */ = {
			isa = PBXGroup;
			children = (
				4B08F9BE211982AA00B140DF /* Default-568h@2x.png */,
				4B6A70302109793500D71C66 /* AppDelegate.swift */,
				4B6A703C2109793700D71C66 /* Info.plist */,
			);
			path = TestHost;
			sourceTree = "<group>";
		};
		4B792FB421103CFD00EDDD1E /* API */ = {
			isa = PBXGroup;
			children = (
				4B792FB521103D2200EDDD1E /* PostOTPRequestTests.swift */,
				4B39D1DF2110496C00A45510 /* GetUserProfileRequestTests.swift */,
				DBE4E371211D7C9B00184D66 /* GetFriendsRequestTests.swift */,
				4B39D1DD211044B000A45510 /* PostTokenExchangeRequestTests.swift */,
				4BD191B12111452E00E2C481 /* PostRefreshTokenRequestTests.swift */,
				4BD191B921116CF700E2C481 /* PostRevokeTokenRequestTests.swift */,
				4BCD27942113ECCF00B90D8F /* GetVerifyTokenRequestTests.swift */,
			);
			path = API;
			sourceTree = "<group>";
		};
		4B8A9655211009A400760219 /* Login */ = {
			isa = PBXGroup;
			children = (
				4B8FF4922105C49200890AEF /* LoginFlowTests.swift */,
				4B8A965621100A5800760219 /* LoginConfigurationTests.swift */,
				4B792FB021102D9200EDDD1E /* LoginProcessURLResponseTests.swift */,
				4B792FB221103A0200EDDD1E /* LoginManagerTests.swift */,
			);
			path = Login;
			sourceTree = "<group>";
		};
		4B90586E21006E5C004D717F = {
			isa = PBXGroup;
			children = (
				4B90587A21006E5C004D717F /* LineSDK */,
				4B90588521006E5D004D717F /* LineSDKTests */,
				4B6A702F2109793500D71C66 /* TestHost */,
				4B90587921006E5C004D717F /* Products */,
			);
			sourceTree = "<group>";
		};
		4B90587921006E5C004D717F /* Products */ = {
			isa = PBXGroup;
			children = (
				4B90587821006E5C004D717F /* LineSDK.framework */,
				4B90588121006E5D004D717F /* LineSDKTests.xctest */,
				4B6A702E2109793500D71C66 /* TestHost.app */,
			);
			name = Products;
			sourceTree = "<group>";
		};
		4B90587A21006E5C004D717F /* LineSDK */ = {
			isa = PBXGroup;
			children = (
				4BBAFC4A2101CE8100E7BFF6 /* Resource.bundle */,
				4BBAFC432101BB8200E7BFF6 /* General */,
				4B9058CE210072B9004D717F /* Login */,
				DBE4E36E211D6C2600184D66 /* Social */,
				4B9058CD210072B0004D717F /* Networking */,
				4B9058CF210072C3004D717F /* Utils */,
				4B90587B21006E5C004D717F /* LineSDK.h */,
				4B90587C21006E5C004D717F /* Info.plist */,
			);
			path = LineSDK;
			sourceTree = "<group>";
		};
		4B90588521006E5D004D717F /* LineSDKTests */ = {
			isa = PBXGroup;
			children = (
				4B15EEF9211D5BE800866E6C /* Message */,
				4B792FB421103CFD00EDDD1E /* API */,
				4B8A9655211009A400760219 /* Login */,
				4BA8E446210ED7F900355F03 /* Networking */,
				4BA8E443210ED26100355F03 /* Utils */,
				4B90588621006E5D004D717F /* LineSDKTests.swift */,
				4BBAFC4F2101D31300E7BFF6 /* ConstantTests.swift */,
				4B90588821006E5D004D717F /* Info.plist */,
				4B6A702821096E3700D71C66 /* KeychainStoreTests.swift */,
				4B08F9C12119863500B140DF /* LineSDKErrorTests.swift */,
			);
			path = LineSDKTests;
			sourceTree = "<group>";
		};
		4B9058CC2100729F004D717F /* API */ = {
			isa = PBXGroup;
			children = (
				4B45257721019FCC00A39D4F /* PostOTPRequest.swift */,
				4B4F0B7D21080C51006D17F5 /* PostExchangeTokenRequest.swift */,
				4B4F0B8C210870EF006D17F5 /* GetUserProfileRequest.swift */,
				4BFBEA7A211057050044C2B6 /* PostRefreshTokenRequest.swift */,
				4BD191B521115ED800E2C481 /* PostRevokeTokenRequest.swift */,
				4BCD278D2113E9A900B90D8F /* GetVerifyTokenRequest.swift */,
			);
			path = API;
			sourceTree = "<group>";
		};
		4B9058CD210072B0004D717F /* Networking */ = {
			isa = PBXGroup;
			children = (
				4B45257C2101A77300A39D4F /* Client */,
				4B4525792101A4DE00A39D4F /* Model */,
				4B9058CC2100729F004D717F /* API */,
				4BD191B3211154DF00E2C481 /* LineSDKAPI.swift */,
			);
			path = Networking;
			sourceTree = "<group>";
		};
		4B9058CE210072B9004D717F /* Login */ = {
			isa = PBXGroup;
			children = (
				4B9058D321007394004D717F /* LoginConfiguration.swift */,
				4B9058D5210073E6004D717F /* LoginManager.swift */,
				4B6508B7211812CE001796E0 /* LoginManagerOption.swift */,
				4B9058DB21007C8C004D717F /* LoginResult.swift */,
				4B45256A2101810D00A39D4F /* LoginProcess.swift */,
				4B63F4722106FDCC003D1BF1 /* LoginProcessURLResponse.swift */,
				4B45256E210188C300A39D4F /* LoginPermission.swift */,
			);
			path = Login;
			sourceTree = "<group>";
		};
		4B9058CF210072C3004D717F /* Utils */ = {
			isa = PBXGroup;
			children = (
				4B9058D7210078FB004D717F /* Result.swift */,
				4B45256C2101829F00A39D4F /* Helpers.swift */,
				4B8FF4852105656500890AEF /* Delegate.swift */,
				4B8FF48A21056B3800890AEF /* CallbackQueue.swift */,
				4B8FF48E2105B27600890AEF /* URLs.swift */,
				4B4F0B8121083CDB006D17F5 /* Constant.swift */,
				4B6A7025210956B600D71C66 /* KeychainStore.swift */,
				4B6A70422109A11600D71C66 /* LazySingleton.swift */,
				4BEE5B34210AC2D000846C6D /* NotificationToken.swift */,
			);
			path = Utils;
			sourceTree = "<group>";
		};
		4BA8E443210ED26100355F03 /* Utils */ = {
			isa = PBXGroup;
			children = (
				4BA8E444210ED27900355F03 /* SessionDelegateStub.swift */,
				4B414D5D210F077700FD19BC /* RequestStubs.swift */,
				4B792FB721103D4B00EDDD1E /* ResponseDataStub.swift */,
				4B39D1E121104C7A00A45510 /* LoginManagerExtension.swift */,
				4B39D1E321104DBA00A45510 /* LineSDKAPITests.swift */,
				4B39D1E521104F3B00A45510 /* ViewControllerCompatibleTest.swift */,
				4B15EEFC211D628000866E6C /* MessageSample.swift */,
			);
			path = Utils;
			sourceTree = "<group>";
		};
		4BA8E446210ED7F900355F03 /* Networking */ = {
			isa = PBXGroup;
			children = (
				4BA8E441210EBCFF00355F03 /* SessionTests.swift */,
				4BA8E449210ED82B00355F03 /* AdapterTests.swift */,
				4BA8E44B210EDB5100355F03 /* ParameterEncoderTests.swift */,
				4BA8E44D210EE79B00355F03 /* PipelineTests.swift */,
				4BD191BB211188D500E2C481 /* RefreshTokenPipelineTests.swift */,
			);
			path = Networking;
			sourceTree = "<group>";
		};
		4BBAFC432101BB8200E7BFF6 /* General */ = {
			isa = PBXGroup;
			children = (
				4BBAFC442101BB9E00E7BFF6 /* LineSDKError.swift */,
			);
			path = General;
			sourceTree = "<group>";
		};
		4BCD27912113EC4300B90D8F /* CustomizeCoding */ = {
			isa = PBXGroup;
			children = (
				4BCD27922113EC6C00B90D8F /* CodingExtension.swift */,
			);
			path = CustomizeCoding;
			sourceTree = "<group>";
		};
		DBE4E36E211D6C2600184D66 /* Social */ = {
			isa = PBXGroup;
			children = (
				DBE4E36C211D6C1A00184D66 /* User.swift */,
				DBE4E36F211D6CF500184D66 /* GetFriendsRequest.swift */,
			);
			path = Social;
			sourceTree = "<group>";
		};
/* End PBXGroup section */

/* Begin PBXHeadersBuildPhase section */
		4B90587521006E5C004D717F /* Headers */ = {
			isa = PBXHeadersBuildPhase;
			buildActionMask = 2147483647;
			files = (
				4B90588921006E5D004D717F /* LineSDK.h in Headers */,
			);
			runOnlyForDeploymentPostprocessing = 0;
		};
/* End PBXHeadersBuildPhase section */

/* Begin PBXNativeTarget section */
		4B6A702D2109793500D71C66 /* TestHost */ = {
			isa = PBXNativeTarget;
			buildConfigurationList = 4B6A703D2109793700D71C66 /* Build configuration list for PBXNativeTarget "TestHost" */;
			buildPhases = (
				4B6A702A2109793500D71C66 /* Sources */,
				4B6A702B2109793500D71C66 /* Frameworks */,
				4B6A702C2109793500D71C66 /* Resources */,
			);
			buildRules = (
			);
			dependencies = (
			);
			name = TestHost;
			productName = TestHost;
			productReference = 4B6A702E2109793500D71C66 /* TestHost.app */;
			productType = "com.apple.product-type.application";
		};
		4B90587721006E5C004D717F /* LineSDK */ = {
			isa = PBXNativeTarget;
			buildConfigurationList = 4B90588C21006E5D004D717F /* Build configuration list for PBXNativeTarget "LineSDK" */;
			buildPhases = (
				4B90587321006E5C004D717F /* Sources */,
				4B90587421006E5C004D717F /* Frameworks */,
				4B90587521006E5C004D717F /* Headers */,
				4B90587621006E5C004D717F /* Resources */,
			);
			buildRules = (
			);
			dependencies = (
			);
			name = LineSDK;
			productName = LineSDK;
			productReference = 4B90587821006E5C004D717F /* LineSDK.framework */;
			productType = "com.apple.product-type.framework";
		};
		4B90588021006E5D004D717F /* LineSDKTests */ = {
			isa = PBXNativeTarget;
			buildConfigurationList = 4B90588F21006E5D004D717F /* Build configuration list for PBXNativeTarget "LineSDKTests" */;
			buildPhases = (
				4B90587D21006E5D004D717F /* Sources */,
				4B90587E21006E5D004D717F /* Frameworks */,
				4B90587F21006E5D004D717F /* Resources */,
			);
			buildRules = (
			);
			dependencies = (
				4B90588421006E5D004D717F /* PBXTargetDependency */,
				4B6A70412109796800D71C66 /* PBXTargetDependency */,
			);
			name = LineSDKTests;
			productName = LineSDKTests;
			productReference = 4B90588121006E5D004D717F /* LineSDKTests.xctest */;
			productType = "com.apple.product-type.bundle.unit-test";
		};
/* End PBXNativeTarget section */

/* Begin PBXProject section */
		4B90586F21006E5C004D717F /* Project object */ = {
			isa = PBXProject;
			attributes = {
				LastSwiftUpdateCheck = 0940;
				LastUpgradeCheck = 0940;
				ORGANIZATIONNAME = "LINE Corp";
				TargetAttributes = {
					4B6A702D2109793500D71C66 = {
						CreatedOnToolsVersion = 9.4.1;
					};
					4B90587721006E5C004D717F = {
						CreatedOnToolsVersion = 9.4.1;
						LastSwiftMigration = 0940;
					};
					4B90588021006E5D004D717F = {
						CreatedOnToolsVersion = 9.4.1;
						TestTargetID = 4B6A702D2109793500D71C66;
					};
				};
			};
			buildConfigurationList = 4B90587221006E5C004D717F /* Build configuration list for PBXProject "LineSDK" */;
			compatibilityVersion = "Xcode 9.3";
			developmentRegion = en;
			hasScannedForEncodings = 0;
			knownRegions = (
				en,
				Base,
			);
			mainGroup = 4B90586E21006E5C004D717F;
			productRefGroup = 4B90587921006E5C004D717F /* Products */;
			projectDirPath = "";
			projectRoot = "";
			targets = (
				4B90587721006E5C004D717F /* LineSDK */,
				4B90588021006E5D004D717F /* LineSDKTests */,
				4B6A702D2109793500D71C66 /* TestHost */,
			);
		};
/* End PBXProject section */

/* Begin PBXResourcesBuildPhase section */
		4B6A702C2109793500D71C66 /* Resources */ = {
			isa = PBXResourcesBuildPhase;
			buildActionMask = 2147483647;
			files = (
				4B08F9BF211982AA00B140DF /* Default-568h@2x.png in Resources */,
			);
			runOnlyForDeploymentPostprocessing = 0;
		};
		4B90587621006E5C004D717F /* Resources */ = {
			isa = PBXResourcesBuildPhase;
			buildActionMask = 2147483647;
			files = (
				4BBAFC4B2101CE8100E7BFF6 /* Resource.bundle in Resources */,
			);
			runOnlyForDeploymentPostprocessing = 0;
		};
		4B90587F21006E5D004D717F /* Resources */ = {
			isa = PBXResourcesBuildPhase;
			buildActionMask = 2147483647;
			files = (
			);
			runOnlyForDeploymentPostprocessing = 0;
		};
/* End PBXResourcesBuildPhase section */

/* Begin PBXSourcesBuildPhase section */
		4B6A702A2109793500D71C66 /* Sources */ = {
			isa = PBXSourcesBuildPhase;
			buildActionMask = 2147483647;
			files = (
				4B6A70312109793500D71C66 /* AppDelegate.swift in Sources */,
			);
			runOnlyForDeploymentPostprocessing = 0;
		};
		4B90587321006E5C004D717F /* Sources */ = {
			isa = PBXSourcesBuildPhase;
			buildActionMask = 2147483647;
			files = (
				4B6A70432109A11600D71C66 /* LazySingleton.swift in Sources */,
				4B45257B2101A4E900A39D4F /* OneTimePassword.swift in Sources */,
				4B813C5A2101B1450091F78E /* RequestAdapter.swift in Sources */,
				4B8FF48D210598F500890AEF /* ResponsePipeline.swift in Sources */,
				4B45256D2101829F00A39D4F /* Helpers.swift in Sources */,
				4B45256F210188C300A39D4F /* LoginPermission.swift in Sources */,
				4BD191B821116C4C00E2C481 /* Unit.swift in Sources */,
				4BCD27902113EA1300B90D8F /* AccessTokenVerifyResult.swift in Sources */,
				4B45257821019FCC00A39D4F /* PostOTPRequest.swift in Sources */,
				DBE4E370211D6CF500184D66 /* GetFriendsRequest.swift in Sources */,
				4B15EEF6211D46FF00866E6C /* Message.swift in Sources */,
				4BBAFC452101BB9E00E7BFF6 /* LineSDKError.swift in Sources */,
				4BCD278E2113E9A900B90D8F /* GetVerifyTokenRequest.swift in Sources */,
				4B15EEF8211D473400866E6C /* MessageSender.swift in Sources */,
				4B813C5C2101B65D0091F78E /* ParametersAdapter.swift in Sources */,
				4B15EEF4211D466D00866E6C /* TextMessage.swift in Sources */,
				4B4F0B8D210870EF006D17F5 /* GetUserProfileRequest.swift in Sources */,
				4B6A7026210956B600D71C66 /* KeychainStore.swift in Sources */,
				4B45257621019EFB00A39D4F /* Session.swift in Sources */,
				4B8FF4862105656500890AEF /* Delegate.swift in Sources */,
				4B4F0B8221083CDB006D17F5 /* Constant.swift in Sources */,
				4BD191B4211154DF00E2C481 /* LineSDKAPI.swift in Sources */,
				DBE4E36D211D6C1A00184D66 /* User.swift in Sources */,
				4B8FF48B21056B3800890AEF /* CallbackQueue.swift in Sources */,
				4BBAFC472101C8A100E7BFF6 /* AccessTokenStore.swift in Sources */,
				4B9058DC21007C8C004D717F /* LoginResult.swift in Sources */,
				4B9058D8210078FB004D717F /* Result.swift in Sources */,
				4B6508B8211812CE001796E0 /* LoginManagerOption.swift in Sources */,
				4BD191B621115ED800E2C481 /* PostRevokeTokenRequest.swift in Sources */,
				4B8FF48F2105B27600890AEF /* URLs.swift in Sources */,
				4B9058D421007394004D717F /* LoginConfiguration.swift in Sources */,
				4B9058D6210073E6004D717F /* LoginManager.swift in Sources */,
				4B4F0B7E21080C51006D17F5 /* PostExchangeTokenRequest.swift in Sources */,
				4B4F0B8021080D69006D17F5 /* AccessToken.swift in Sources */,
				4BEE5B35210AC2D000846C6D /* NotificationToken.swift in Sources */,
				4BCD27932113EC6C00B90D8F /* CodingExtension.swift in Sources */,
				4B63F4732106FDCC003D1BF1 /* LoginProcessURLResponse.swift in Sources */,
				4B414D5C210EF12C00FD19BC /* APIError.swift in Sources */,
				4B4F0B8421084755006D17F5 /* UserProfile.swift in Sources */,
				4B4525712101938F00A39D4F /* Request.swift in Sources */,
				4B45256B2101810D00A39D4F /* LoginProcess.swift in Sources */,
				4BFBEA7B211057050044C2B6 /* PostRefreshTokenRequest.swift in Sources */,
			);
			runOnlyForDeploymentPostprocessing = 0;
		};
		4B90587D21006E5D004D717F /* Sources */ = {
			isa = PBXSourcesBuildPhase;
			buildActionMask = 2147483647;
			files = (
				4BD191B22111452E00E2C481 /* PostRefreshTokenRequestTests.swift in Sources */,
				4BA8E44E210EE79B00355F03 /* PipelineTests.swift in Sources */,
				4B8FF4932105C49200890AEF /* LoginFlowTests.swift in Sources */,
				4B792FB621103D2200EDDD1E /* PostOTPRequestTests.swift in Sources */,
				4B8A965721100A5800760219 /* LoginConfigurationTests.swift in Sources */,
				4B39D1DE211044B000A45510 /* PostTokenExchangeRequestTests.swift in Sources */,
				DBE4E372211D7C9B00184D66 /* GetFriendsRequestTests.swift in Sources */,
				4B39D1E02110496C00A45510 /* GetUserProfileRequestTests.swift in Sources */,
				4B90588721006E5D004D717F /* LineSDKTests.swift in Sources */,
				4B15EEFD211D628000866E6C /* MessageSample.swift in Sources */,
				4BA8E44C210EDB5100355F03 /* ParameterEncoderTests.swift in Sources */,
				4B39D1E621104F3B00A45510 /* ViewControllerCompatibleTest.swift in Sources */,
				4BA8E44A210ED82B00355F03 /* AdapterTests.swift in Sources */,
				4BBAFC502101D31300E7BFF6 /* ConstantTests.swift in Sources */,
				4BD191BC211188D500E2C481 /* RefreshTokenPipelineTests.swift in Sources */,
				4B792FB821103D4B00EDDD1E /* ResponseDataStub.swift in Sources */,
				4B6A702921096E3700D71C66 /* KeychainStoreTests.swift in Sources */,
				4B39D1E421104DBA00A45510 /* LineSDKAPITests.swift in Sources */,
				4B792FB321103A0200EDDD1E /* LoginManagerTests.swift in Sources */,
				4B414D5E210F077700FD19BC /* RequestStubs.swift in Sources */,
				4BCD27952113ECCF00B90D8F /* GetVerifyTokenRequestTests.swift in Sources */,
				4BA8E442210EBCFF00355F03 /* SessionTests.swift in Sources */,
				4B39D1E221104C7A00A45510 /* LoginManagerExtension.swift in Sources */,
				4B08F9C22119863500B140DF /* LineSDKErrorTests.swift in Sources */,
				4B792FB121102D9200EDDD1E /* LoginProcessURLResponseTests.swift in Sources */,
				4B15EEFB211D5BF800866E6C /* TextMessageTests.swift in Sources */,
				4BA8E445210ED27900355F03 /* SessionDelegateStub.swift in Sources */,
				4BD191BA21116CF700E2C481 /* PostRevokeTokenRequestTests.swift in Sources */,
			);
			runOnlyForDeploymentPostprocessing = 0;
		};
/* End PBXSourcesBuildPhase section */

/* Begin PBXTargetDependency section */
		4B6A70412109796800D71C66 /* PBXTargetDependency */ = {
			isa = PBXTargetDependency;
			target = 4B6A702D2109793500D71C66 /* TestHost */;
			targetProxy = 4B6A70402109796800D71C66 /* PBXContainerItemProxy */;
		};
		4B90588421006E5D004D717F /* PBXTargetDependency */ = {
			isa = PBXTargetDependency;
			target = 4B90587721006E5C004D717F /* LineSDK */;
			targetProxy = 4B90588321006E5D004D717F /* PBXContainerItemProxy */;
		};
/* End PBXTargetDependency section */

/* Begin XCBuildConfiguration section */
		4B6A703E2109793700D71C66 /* Debug */ = {
			isa = XCBuildConfiguration;
			buildSettings = {
				ASSETCATALOG_COMPILER_APPICON_NAME = AppIcon;
				CODE_SIGN_STYLE = Automatic;
				INFOPLIST_FILE = TestHost/Info.plist;
				IPHONEOS_DEPLOYMENT_TARGET = 8.0;
				LD_RUNPATH_SEARCH_PATHS = (
					"$(inherited)",
					"@executable_path/Frameworks",
				);
				PRODUCT_BUNDLE_IDENTIFIER = com.linecorp.TestHost;
				PRODUCT_NAME = "$(TARGET_NAME)";
				SWIFT_VERSION = 4.0;
				TARGETED_DEVICE_FAMILY = "1,2";
			};
			name = Debug;
		};
		4B6A703F2109793700D71C66 /* Release */ = {
			isa = XCBuildConfiguration;
			buildSettings = {
				ASSETCATALOG_COMPILER_APPICON_NAME = AppIcon;
				CODE_SIGN_STYLE = Automatic;
				INFOPLIST_FILE = TestHost/Info.plist;
				IPHONEOS_DEPLOYMENT_TARGET = 8.0;
				LD_RUNPATH_SEARCH_PATHS = (
					"$(inherited)",
					"@executable_path/Frameworks",
				);
				PRODUCT_BUNDLE_IDENTIFIER = com.linecorp.TestHost;
				PRODUCT_NAME = "$(TARGET_NAME)";
				SWIFT_VERSION = 4.0;
				TARGETED_DEVICE_FAMILY = "1,2";
			};
			name = Release;
		};
		4B90588A21006E5D004D717F /* Debug */ = {
			isa = XCBuildConfiguration;
			buildSettings = {
				ALWAYS_SEARCH_USER_PATHS = NO;
				CLANG_ANALYZER_NONNULL = YES;
				CLANG_ANALYZER_NUMBER_OBJECT_CONVERSION = YES_AGGRESSIVE;
				CLANG_CXX_LANGUAGE_STANDARD = "gnu++14";
				CLANG_CXX_LIBRARY = "libc++";
				CLANG_ENABLE_MODULES = YES;
				CLANG_ENABLE_OBJC_ARC = YES;
				CLANG_ENABLE_OBJC_WEAK = YES;
				CLANG_WARN_BLOCK_CAPTURE_AUTORELEASING = YES;
				CLANG_WARN_BOOL_CONVERSION = YES;
				CLANG_WARN_COMMA = YES;
				CLANG_WARN_CONSTANT_CONVERSION = YES;
				CLANG_WARN_DEPRECATED_OBJC_IMPLEMENTATIONS = YES;
				CLANG_WARN_DIRECT_OBJC_ISA_USAGE = YES_ERROR;
				CLANG_WARN_DOCUMENTATION_COMMENTS = YES;
				CLANG_WARN_EMPTY_BODY = YES;
				CLANG_WARN_ENUM_CONVERSION = YES;
				CLANG_WARN_INFINITE_RECURSION = YES;
				CLANG_WARN_INT_CONVERSION = YES;
				CLANG_WARN_NON_LITERAL_NULL_CONVERSION = YES;
				CLANG_WARN_OBJC_IMPLICIT_RETAIN_SELF = YES;
				CLANG_WARN_OBJC_LITERAL_CONVERSION = YES;
				CLANG_WARN_OBJC_ROOT_CLASS = YES_ERROR;
				CLANG_WARN_RANGE_LOOP_ANALYSIS = YES;
				CLANG_WARN_STRICT_PROTOTYPES = YES;
				CLANG_WARN_SUSPICIOUS_MOVE = YES;
				CLANG_WARN_UNGUARDED_AVAILABILITY = YES_AGGRESSIVE;
				CLANG_WARN_UNREACHABLE_CODE = YES;
				CLANG_WARN__DUPLICATE_METHOD_MATCH = YES;
				CODE_SIGN_IDENTITY = "iPhone Developer";
				COPY_PHASE_STRIP = NO;
				CURRENT_PROJECT_VERSION = 1;
				DEBUG_INFORMATION_FORMAT = dwarf;
				ENABLE_STRICT_OBJC_MSGSEND = YES;
				ENABLE_TESTABILITY = YES;
				GCC_C_LANGUAGE_STANDARD = gnu11;
				GCC_DYNAMIC_NO_PIC = NO;
				GCC_NO_COMMON_BLOCKS = YES;
				GCC_OPTIMIZATION_LEVEL = 0;
				GCC_PREPROCESSOR_DEFINITIONS = (
					"DEBUG=1",
					"$(inherited)",
				);
				GCC_WARN_64_TO_32_BIT_CONVERSION = YES;
				GCC_WARN_ABOUT_RETURN_TYPE = YES_ERROR;
				GCC_WARN_UNDECLARED_SELECTOR = YES;
				GCC_WARN_UNINITIALIZED_AUTOS = YES_AGGRESSIVE;
				GCC_WARN_UNUSED_FUNCTION = YES;
				GCC_WARN_UNUSED_VARIABLE = YES;
				IPHONEOS_DEPLOYMENT_TARGET = 8.0;
				MTL_ENABLE_DEBUG_INFO = YES;
				ONLY_ACTIVE_ARCH = YES;
				SDKROOT = iphoneos;
				SWIFT_ACTIVE_COMPILATION_CONDITIONS = DEBUG;
				SWIFT_OPTIMIZATION_LEVEL = "-Onone";
				VERSIONING_SYSTEM = "apple-generic";
				VERSION_INFO_PREFIX = "";
			};
			name = Debug;
		};
		4B90588B21006E5D004D717F /* Release */ = {
			isa = XCBuildConfiguration;
			buildSettings = {
				ALWAYS_SEARCH_USER_PATHS = NO;
				CLANG_ANALYZER_NONNULL = YES;
				CLANG_ANALYZER_NUMBER_OBJECT_CONVERSION = YES_AGGRESSIVE;
				CLANG_CXX_LANGUAGE_STANDARD = "gnu++14";
				CLANG_CXX_LIBRARY = "libc++";
				CLANG_ENABLE_MODULES = YES;
				CLANG_ENABLE_OBJC_ARC = YES;
				CLANG_ENABLE_OBJC_WEAK = YES;
				CLANG_WARN_BLOCK_CAPTURE_AUTORELEASING = YES;
				CLANG_WARN_BOOL_CONVERSION = YES;
				CLANG_WARN_COMMA = YES;
				CLANG_WARN_CONSTANT_CONVERSION = YES;
				CLANG_WARN_DEPRECATED_OBJC_IMPLEMENTATIONS = YES;
				CLANG_WARN_DIRECT_OBJC_ISA_USAGE = YES_ERROR;
				CLANG_WARN_DOCUMENTATION_COMMENTS = YES;
				CLANG_WARN_EMPTY_BODY = YES;
				CLANG_WARN_ENUM_CONVERSION = YES;
				CLANG_WARN_INFINITE_RECURSION = YES;
				CLANG_WARN_INT_CONVERSION = YES;
				CLANG_WARN_NON_LITERAL_NULL_CONVERSION = YES;
				CLANG_WARN_OBJC_IMPLICIT_RETAIN_SELF = YES;
				CLANG_WARN_OBJC_LITERAL_CONVERSION = YES;
				CLANG_WARN_OBJC_ROOT_CLASS = YES_ERROR;
				CLANG_WARN_RANGE_LOOP_ANALYSIS = YES;
				CLANG_WARN_STRICT_PROTOTYPES = YES;
				CLANG_WARN_SUSPICIOUS_MOVE = YES;
				CLANG_WARN_UNGUARDED_AVAILABILITY = YES_AGGRESSIVE;
				CLANG_WARN_UNREACHABLE_CODE = YES;
				CLANG_WARN__DUPLICATE_METHOD_MATCH = YES;
				CODE_SIGN_IDENTITY = "iPhone Developer";
				COPY_PHASE_STRIP = NO;
				CURRENT_PROJECT_VERSION = 1;
				DEBUG_INFORMATION_FORMAT = "dwarf-with-dsym";
				ENABLE_NS_ASSERTIONS = NO;
				ENABLE_STRICT_OBJC_MSGSEND = YES;
				GCC_C_LANGUAGE_STANDARD = gnu11;
				GCC_NO_COMMON_BLOCKS = YES;
				GCC_WARN_64_TO_32_BIT_CONVERSION = YES;
				GCC_WARN_ABOUT_RETURN_TYPE = YES_ERROR;
				GCC_WARN_UNDECLARED_SELECTOR = YES;
				GCC_WARN_UNINITIALIZED_AUTOS = YES_AGGRESSIVE;
				GCC_WARN_UNUSED_FUNCTION = YES;
				GCC_WARN_UNUSED_VARIABLE = YES;
				IPHONEOS_DEPLOYMENT_TARGET = 8.0;
				MTL_ENABLE_DEBUG_INFO = NO;
				SDKROOT = iphoneos;
				SWIFT_COMPILATION_MODE = wholemodule;
				SWIFT_OPTIMIZATION_LEVEL = "-O";
				VALIDATE_PRODUCT = YES;
				VERSIONING_SYSTEM = "apple-generic";
				VERSION_INFO_PREFIX = "";
			};
			name = Release;
		};
		4B90588D21006E5D004D717F /* Debug */ = {
			isa = XCBuildConfiguration;
			buildSettings = {
				CLANG_ENABLE_MODULES = YES;
				CODE_SIGN_IDENTITY = "";
				CODE_SIGN_STYLE = Automatic;
				DEFINES_MODULE = YES;
				DYLIB_COMPATIBILITY_VERSION = 1;
				DYLIB_CURRENT_VERSION = 1;
				DYLIB_INSTALL_NAME_BASE = "@rpath";
				INFOPLIST_FILE = LineSDK/Info.plist;
				INSTALL_PATH = "$(LOCAL_LIBRARY_DIR)/Frameworks";
				LD_RUNPATH_SEARCH_PATHS = (
					"$(inherited)",
					"@executable_path/Frameworks",
					"@loader_path/Frameworks",
				);
				PRODUCT_BUNDLE_IDENTIFIER = com.linecorp.LineSDK;
				PRODUCT_NAME = "$(TARGET_NAME:c99extidentifier)";
				SKIP_INSTALL = YES;
				SWIFT_OPTIMIZATION_LEVEL = "-Onone";
				SWIFT_VERSION = 4.0;
				TARGETED_DEVICE_FAMILY = "1,2";
			};
			name = Debug;
		};
		4B90588E21006E5D004D717F /* Release */ = {
			isa = XCBuildConfiguration;
			buildSettings = {
				CLANG_ENABLE_MODULES = YES;
				CODE_SIGN_IDENTITY = "";
				CODE_SIGN_STYLE = Automatic;
				DEFINES_MODULE = YES;
				DYLIB_COMPATIBILITY_VERSION = 1;
				DYLIB_CURRENT_VERSION = 1;
				DYLIB_INSTALL_NAME_BASE = "@rpath";
				INFOPLIST_FILE = LineSDK/Info.plist;
				INSTALL_PATH = "$(LOCAL_LIBRARY_DIR)/Frameworks";
				LD_RUNPATH_SEARCH_PATHS = (
					"$(inherited)",
					"@executable_path/Frameworks",
					"@loader_path/Frameworks",
				);
				PRODUCT_BUNDLE_IDENTIFIER = com.linecorp.LineSDK;
				PRODUCT_NAME = "$(TARGET_NAME:c99extidentifier)";
				SKIP_INSTALL = YES;
				SWIFT_VERSION = 4.0;
				TARGETED_DEVICE_FAMILY = "1,2";
			};
			name = Release;
		};
		4B90589021006E5D004D717F /* Debug */ = {
			isa = XCBuildConfiguration;
			buildSettings = {
				ALWAYS_EMBED_SWIFT_STANDARD_LIBRARIES = YES;
				CODE_SIGN_STYLE = Automatic;
				INFOPLIST_FILE = LineSDKTests/Info.plist;
				LD_RUNPATH_SEARCH_PATHS = (
					"$(inherited)",
					"@executable_path/Frameworks",
					"@loader_path/Frameworks",
				);
				PRODUCT_BUNDLE_IDENTIFIER = com.linecorp.LineSDKTests;
				PRODUCT_NAME = "$(TARGET_NAME)";
				SWIFT_VERSION = 4.0;
				TARGETED_DEVICE_FAMILY = "1,2";
				TEST_HOST = "$(BUILT_PRODUCTS_DIR)/TestHost.app/TestHost";
			};
			name = Debug;
		};
		4B90589121006E5D004D717F /* Release */ = {
			isa = XCBuildConfiguration;
			buildSettings = {
				ALWAYS_EMBED_SWIFT_STANDARD_LIBRARIES = YES;
				CODE_SIGN_STYLE = Automatic;
				INFOPLIST_FILE = LineSDKTests/Info.plist;
				LD_RUNPATH_SEARCH_PATHS = (
					"$(inherited)",
					"@executable_path/Frameworks",
					"@loader_path/Frameworks",
				);
				PRODUCT_BUNDLE_IDENTIFIER = com.linecorp.LineSDKTests;
				PRODUCT_NAME = "$(TARGET_NAME)";
				SWIFT_VERSION = 4.0;
				TARGETED_DEVICE_FAMILY = "1,2";
				TEST_HOST = "$(BUILT_PRODUCTS_DIR)/TestHost.app/TestHost";
			};
			name = Release;
		};
/* End XCBuildConfiguration section */

/* Begin XCConfigurationList section */
		4B6A703D2109793700D71C66 /* Build configuration list for PBXNativeTarget "TestHost" */ = {
			isa = XCConfigurationList;
			buildConfigurations = (
				4B6A703E2109793700D71C66 /* Debug */,
				4B6A703F2109793700D71C66 /* Release */,
			);
			defaultConfigurationIsVisible = 0;
			defaultConfigurationName = Release;
		};
		4B90587221006E5C004D717F /* Build configuration list for PBXProject "LineSDK" */ = {
			isa = XCConfigurationList;
			buildConfigurations = (
				4B90588A21006E5D004D717F /* Debug */,
				4B90588B21006E5D004D717F /* Release */,
			);
			defaultConfigurationIsVisible = 0;
			defaultConfigurationName = Release;
		};
		4B90588C21006E5D004D717F /* Build configuration list for PBXNativeTarget "LineSDK" */ = {
			isa = XCConfigurationList;
			buildConfigurations = (
				4B90588D21006E5D004D717F /* Debug */,
				4B90588E21006E5D004D717F /* Release */,
			);
			defaultConfigurationIsVisible = 0;
			defaultConfigurationName = Release;
		};
		4B90588F21006E5D004D717F /* Build configuration list for PBXNativeTarget "LineSDKTests" */ = {
			isa = XCConfigurationList;
			buildConfigurations = (
				4B90589021006E5D004D717F /* Debug */,
				4B90589121006E5D004D717F /* Release */,
			);
			defaultConfigurationIsVisible = 0;
			defaultConfigurationName = Release;
		};
/* End XCConfigurationList section */
	};
	rootObject = 4B90586F21006E5C004D717F /* Project object */;
}
